
Microsoft Visual Studio Solution File, Format Version 12.00
# Visual Studio Version 16
VisualStudioVersion = 16.0.29418.71
MinimumVisualStudioVersion = 10.0.40219.1
Project("{9A19103F-16F7-4668-BE54-9A1E7A4F7556}") = "HolisticAccountant", "HolisticAccountant.csproj", "{7049AB9D-C613-4916-AF59-FF93F9B01355}"
EndProject
Project("{FAE04EC0-301F-11D3-BF4B-00C04F79EFBC}") = "HolisticAccountantTest", "..\HolisticAccountantTest\HolisticAccountantTest.csproj", "{BA159ED9-7FF9-4771-9C25-36A7968368D3}"
EndProject
Global
	GlobalSection(SolutionConfigurationPlatforms) = preSolution
		Debug|Any CPU = Debug|Any CPU
		Release|Any CPU = Release|Any CPU
	EndGlobalSection
	GlobalSection(ProjectConfigurationPlatforms) = postSolution
		{7049AB9D-C613-4916-AF59-FF93F9B01355}.Debug|Any CPU.ActiveCfg = Debug|Any CPU
		{7049AB9D-C613-4916-AF59-FF93F9B01355}.Debug|Any CPU.Build.0 = Debug|Any CPU
		{7049AB9D-C613-4916-AF59-FF93F9B01355}.Release|Any CPU.ActiveCfg = Release|Any CPU
		{7049AB9D-C613-4916-AF59-FF93F9B01355}.Release|Any CPU.Build.0 = Release|Any CPU
		{BA159ED9-7FF9-4771-9C25-36A7968368D3}.Debug|Any CPU.ActiveCfg = Debug|Any CPU
		{BA159ED9-7FF9-4771-9C25-36A7968368D3}.Debug|Any CPU.Build.0 = Debug|Any CPU
		{BA159ED9-7FF9-4771-9C25-36A7968368D3}.Release|Any CPU.ActiveCfg = Release|Any CPU
		{BA159ED9-7FF9-4771-9C25-36A7968368D3}.Release|Any CPU.Build.0 = Release|Any CPU
	EndGlobalSection
	GlobalSection(SolutionProperties) = preSolution
		HideSolutionNode = FALSE
	EndGlobalSection
	GlobalSection(ExtensibilityGlobals) = postSolution
		SolutionGuid = {4B416EC8-7C67-465F-B555-F2041A3289B1}
	EndGlobalSection
EndGlobal
